
Microsoft Visual Studio Solution File, Format Version 12.00
# Visual Studio Version 16
VisualStudioVersion = 16.0.32602.291
MinimumVisualStudioVersion = 10.0.40219.1
Project("{FAE04EC0-301F-11D3-BF4B-00C04F79EFBC}") = "Лаб 29", "Лаб 29\Лаб 29.csproj", "{EE8F49D3-AEC7-4D6A-8370-91F0B35F21A9}"
EndProject
Global
	GlobalSection(SolutionConfigurationPlatforms) = preSolution
		Debug|Any CPU = Debug|Any CPU
		Release|Any CPU = Release|Any CPU
	EndGlobalSection
	GlobalSection(ProjectConfigurationPlatforms) = postSolution
		{EE8F49D3-AEC7-4D6A-8370-91F0B35F21A9}.Debug|Any CPU.ActiveCfg = Debug|Any CPU
		{EE8F49D3-AEC7-4D6A-8370-91F0B35F21A9}.Debug|Any CPU.Build.0 = Debug|Any CPU
		{EE8F49D3-AEC7-4D6A-8370-91F0B35F21A9}.Release|Any CPU.ActiveCfg = Release|Any CPU
		{EE8F49D3-AEC7-4D6A-8370-91F0B35F21A9}.Release|Any CPU.Build.0 = Release|Any CPU
	EndGlobalSection
	GlobalSection(SolutionProperties) = preSolution
		HideSolutionNode = FALSE
	EndGlobalSection
	GlobalSection(ExtensibilityGlobals) = postSolution
		SolutionGuid = {90A16E5A-DF29-44EA-B7B3-14C7C16223A0}
	EndGlobalSection
EndGlobal
