
Microsoft Visual Studio Solution File, Format Version 12.00
# Visual Studio Version 16
VisualStudioVersion = 16.0.28729.10
MinimumVisualStudioVersion = 10.0.40219.1
Project("{FAE04EC0-301F-11D3-BF4B-00C04F79EFBC}") = "Лаб 20", "Лаб 20\Лаб 20.csproj", "{A4783CDC-52D5-49FE-B2E9-0D82DC6C39F0}"
EndProject
Global
	GlobalSection(SolutionConfigurationPlatforms) = preSolution
		Debug|Any CPU = Debug|Any CPU
		Release|Any CPU = Release|Any CPU
	EndGlobalSection
	GlobalSection(ProjectConfigurationPlatforms) = postSolution
		{A4783CDC-52D5-49FE-B2E9-0D82DC6C39F0}.Debug|Any CPU.ActiveCfg = Debug|Any CPU
		{A4783CDC-52D5-49FE-B2E9-0D82DC6C39F0}.Debug|Any CPU.Build.0 = Debug|Any CPU
		{A4783CDC-52D5-49FE-B2E9-0D82DC6C39F0}.Release|Any CPU.ActiveCfg = Release|Any CPU
		{A4783CDC-52D5-49FE-B2E9-0D82DC6C39F0}.Release|Any CPU.Build.0 = Release|Any CPU
	EndGlobalSection
	GlobalSection(SolutionProperties) = preSolution
		HideSolutionNode = FALSE
	EndGlobalSection
	GlobalSection(ExtensibilityGlobals) = postSolution
		SolutionGuid = {E6D04209-22CC-4AB9-8B2D-3779FE346657}
	EndGlobalSection
EndGlobal
